// !$*UTF8*$!
{
	archiveVersion = 1;
	classes = {
	};
	objectVersion = 46;
	objects = {

/* Begin PBXBuildFile section */
		660514C61FAA4057005D7C18 /* DeviceStatusViewController.swift in Sources */ = {isa = PBXBuildFile; fileRef = 6621EC131FA268BF002BE8B9 /* DeviceStatusViewController.swift */; };
		660787301F9E997C00BC68F8 /* helpers.swift in Sources */ = {isa = PBXBuildFile; fileRef = 6607872F1F9E997C00BC68F8 /* helpers.swift */; };
		661C89441FEC37F100657D13 /* LocationsViewController.swift in Sources */ = {isa = PBXBuildFile; fileRef = 661C89431FEC37F100657D13 /* LocationsViewController.swift */; };
		661C89461FEC483700657D13 /* StoreViewController.swift in Sources */ = {isa = PBXBuildFile; fileRef = 661C89451FEC483700657D13 /* StoreViewController.swift */; };
		661C89541FEC4F3300657D13 /* SourceSansPro-Black.ttf in Resources */ = {isa = PBXBuildFile; fileRef = 661C89481FEC4F3300657D13 /* SourceSansPro-Black.ttf */; };
		661C89551FEC4F3300657D13 /* SourceSansPro-BlackItalic.ttf in Resources */ = {isa = PBXBuildFile; fileRef = 661C89491FEC4F3300657D13 /* SourceSansPro-BlackItalic.ttf */; };
		661C89561FEC4F3300657D13 /* SourceSansPro-Bold.ttf in Resources */ = {isa = PBXBuildFile; fileRef = 661C894A1FEC4F3300657D13 /* SourceSansPro-Bold.ttf */; };
		661C89571FEC4F3300657D13 /* SourceSansPro-BoldItalic.ttf in Resources */ = {isa = PBXBuildFile; fileRef = 661C894B1FEC4F3300657D13 /* SourceSansPro-BoldItalic.ttf */; };
		661C89581FEC4F3300657D13 /* SourceSansPro-ExtraLight.ttf in Resources */ = {isa = PBXBuildFile; fileRef = 661C894C1FEC4F3300657D13 /* SourceSansPro-ExtraLight.ttf */; };
		661C89591FEC4F3300657D13 /* SourceSansPro-ExtraLightItalic.ttf in Resources */ = {isa = PBXBuildFile; fileRef = 661C894D1FEC4F3300657D13 /* SourceSansPro-ExtraLightItalic.ttf */; };
		661C895A1FEC4F3300657D13 /* SourceSansPro-Italic.ttf in Resources */ = {isa = PBXBuildFile; fileRef = 661C894E1FEC4F3300657D13 /* SourceSansPro-Italic.ttf */; };
		661C895B1FEC4F3300657D13 /* SourceSansPro-Light.ttf in Resources */ = {isa = PBXBuildFile; fileRef = 661C894F1FEC4F3300657D13 /* SourceSansPro-Light.ttf */; };
		661C895C1FEC4F3300657D13 /* SourceSansPro-LightItalic.ttf in Resources */ = {isa = PBXBuildFile; fileRef = 661C89501FEC4F3300657D13 /* SourceSansPro-LightItalic.ttf */; };
		661C895D1FEC4F3300657D13 /* SourceSansPro-Regular.ttf in Resources */ = {isa = PBXBuildFile; fileRef = 661C89511FEC4F3300657D13 /* SourceSansPro-Regular.ttf */; };
		661C895E1FEC4F3300657D13 /* SourceSansPro-Semibold.ttf in Resources */ = {isa = PBXBuildFile; fileRef = 661C89521FEC4F3300657D13 /* SourceSansPro-Semibold.ttf */; };
		661C895F1FEC4F3300657D13 /* SourceSansPro-SemiboldItalic.ttf in Resources */ = {isa = PBXBuildFile; fileRef = 661C89531FEC4F3300657D13 /* SourceSansPro-SemiboldItalic.ttf */; };
		6621EC101FA14F4D002BE8B9 /* OptionCell.swift in Sources */ = {isa = PBXBuildFile; fileRef = 6621EC0F1FA14F4D002BE8B9 /* OptionCell.swift */; };
		6621EC161FA26B0C002BE8B9 /* Device.swift in Sources */ = {isa = PBXBuildFile; fileRef = 6621EC151FA26B0C002BE8B9 /* Device.swift */; };
		6621EC181FA26B1B002BE8B9 /* Update.swift in Sources */ = {isa = PBXBuildFile; fileRef = 6621EC171FA26B1B002BE8B9 /* Update.swift */; };
		665917871F9CEEF700FB4013 /* AppDelegate.swift in Sources */ = {isa = PBXBuildFile; fileRef = 665917861F9CEEF700FB4013 /* AppDelegate.swift */; };
		665917891F9CEEF700FB4013 /* CheckInViewController.swift in Sources */ = {isa = PBXBuildFile; fileRef = 665917881F9CEEF700FB4013 /* CheckInViewController.swift */; };
		6659178B1F9CEEF700FB4013 /* SecondViewController.swift in Sources */ = {isa = PBXBuildFile; fileRef = 6659178A1F9CEEF700FB4013 /* SecondViewController.swift */; };
		6659178E1F9CEEF700FB4013 /* Main.storyboard in Resources */ = {isa = PBXBuildFile; fileRef = 6659178C1F9CEEF700FB4013 /* Main.storyboard */; };
		665917901F9CEEF800FB4013 /* Assets.xcassets in Resources */ = {isa = PBXBuildFile; fileRef = 6659178F1F9CEEF800FB4013 /* Assets.xcassets */; };
		665917931F9CEEF800FB4013 /* LaunchScreen.storyboard in Resources */ = {isa = PBXBuildFile; fileRef = 665917911F9CEEF800FB4013 /* LaunchScreen.storyboard */; };
		6659179E1F9CEEF800FB4013 /* iFixYouri_Check_InTests.swift in Sources */ = {isa = PBXBuildFile; fileRef = 6659179D1F9CEEF800FB4013 /* iFixYouri_Check_InTests.swift */; };
		665917A91F9CEEF800FB4013 /* iFixYouri_Check_InUITests.swift in Sources */ = {isa = PBXBuildFile; fileRef = 665917A81F9CEEF800FB4013 /* iFixYouri_Check_InUITests.swift */; };
		666BD0AF1FB21F7E0091A192 /* DeviceUpdateCell.swift in Sources */ = {isa = PBXBuildFile; fileRef = 669E15451FB21E43009A8822 /* DeviceUpdateCell.swift */; };
		66AB00FC1F9D22C30063175E /* constants.swift in Sources */ = {isa = PBXBuildFile; fileRef = 66AB00FB1F9D22C30063175E /* constants.swift */; };
		66AB00FF1F9D26B30063175E /* CheckIn.swift in Sources */ = {isa = PBXBuildFile; fileRef = 66AB00FE1F9D26B30063175E /* CheckIn.swift */; };
		9F28187DB7B898CC997DF641 /* Pods_iFixYouri_Check_In.framework in Frameworks */ = {isa = PBXBuildFile; fileRef = 3914253150AF0B5E585D447A /* Pods_iFixYouri_Check_In.framework */; };
		D5D22A22ACB1AC54C0B13BE0 /* Pods_iFixYouri_Check_InUITests.framework in Frameworks */ = {isa = PBXBuildFile; fileRef = 00949DDD98589048B6A00E1B /* Pods_iFixYouri_Check_InUITests.framework */; };
		DB06732E07B378631351F58E /* Pods_iFixYouri_Check_InTests.framework in Frameworks */ = {isa = PBXBuildFile; fileRef = 1C05A04794D9861202A4C494 /* Pods_iFixYouri_Check_InTests.framework */; };
/* End PBXBuildFile section */

/* Begin PBXContainerItemProxy section */
		6659179A1F9CEEF800FB4013 /* PBXContainerItemProxy */ = {
			isa = PBXContainerItemProxy;
			containerPortal = 6659177B1F9CEEF700FB4013 /* Project object */;
			proxyType = 1;
			remoteGlobalIDString = 665917821F9CEEF700FB4013;
			remoteInfo = "iFixYouri Check In";
		};
		665917A51F9CEEF800FB4013 /* PBXContainerItemProxy */ = {
			isa = PBXContainerItemProxy;
			containerPortal = 6659177B1F9CEEF700FB4013 /* Project object */;
			proxyType = 1;
			remoteGlobalIDString = 665917821F9CEEF700FB4013;
			remoteInfo = "iFixYouri Check In";
		};
/* End PBXContainerItemProxy section */

/* Begin PBXFileReference section */
		00949DDD98589048B6A00E1B /* Pods_iFixYouri_Check_InUITests.framework */ = {isa = PBXFileReference; explicitFileType = wrapper.framework; includeInIndex = 0; path = Pods_iFixYouri_Check_InUITests.framework; sourceTree = BUILT_PRODUCTS_DIR; };
		01006E69E229AE62ED876E4D /* Pods-iFixYouri Check In.debug.xcconfig */ = {isa = PBXFileReference; includeInIndex = 1; lastKnownFileType = text.xcconfig; name = "Pods-iFixYouri Check In.debug.xcconfig"; path = "Pods/Target Support Files/Pods-iFixYouri Check In/Pods-iFixYouri Check In.debug.xcconfig"; sourceTree = "<group>"; };
		07074E46AD85BE6995457F8C /* Pods-iFixYouri Check InTests.release.xcconfig */ = {isa = PBXFileReference; includeInIndex = 1; lastKnownFileType = text.xcconfig; name = "Pods-iFixYouri Check InTests.release.xcconfig"; path = "Pods/Target Support Files/Pods-iFixYouri Check InTests/Pods-iFixYouri Check InTests.release.xcconfig"; sourceTree = "<group>"; };
		13A9C9A68C7CBB7F844BF6EF /* Pods-iFixYouri Check In.release.xcconfig */ = {isa = PBXFileReference; includeInIndex = 1; lastKnownFileType = text.xcconfig; name = "Pods-iFixYouri Check In.release.xcconfig"; path = "Pods/Target Support Files/Pods-iFixYouri Check In/Pods-iFixYouri Check In.release.xcconfig"; sourceTree = "<group>"; };
		1C05A04794D9861202A4C494 /* Pods_iFixYouri_Check_InTests.framework */ = {isa = PBXFileReference; explicitFileType = wrapper.framework; includeInIndex = 0; path = Pods_iFixYouri_Check_InTests.framework; sourceTree = BUILT_PRODUCTS_DIR; };
		3914253150AF0B5E585D447A /* Pods_iFixYouri_Check_In.framework */ = {isa = PBXFileReference; explicitFileType = wrapper.framework; includeInIndex = 0; path = Pods_iFixYouri_Check_In.framework; sourceTree = BUILT_PRODUCTS_DIR; };
		3B9A3F24AE7E6077C43E107C /* Pods-iFixYouri Check InTests.debug.xcconfig */ = {isa = PBXFileReference; includeInIndex = 1; lastKnownFileType = text.xcconfig; name = "Pods-iFixYouri Check InTests.debug.xcconfig"; path = "Pods/Target Support Files/Pods-iFixYouri Check InTests/Pods-iFixYouri Check InTests.debug.xcconfig"; sourceTree = "<group>"; };
		6607872F1F9E997C00BC68F8 /* helpers.swift */ = {isa = PBXFileReference; lastKnownFileType = sourcecode.swift; name = helpers.swift; path = "iFixYouri Check In/helpers.swift"; sourceTree = "<group>"; };
		661C89431FEC37F100657D13 /* LocationsViewController.swift */ = {isa = PBXFileReference; fileEncoding = 4; lastKnownFileType = sourcecode.swift; path = LocationsViewController.swift; sourceTree = "<group>"; };
		661C89451FEC483700657D13 /* StoreViewController.swift */ = {isa = PBXFileReference; fileEncoding = 4; lastKnownFileType = sourcecode.swift; path = StoreViewController.swift; sourceTree = "<group>"; };
		661C89481FEC4F3300657D13 /* SourceSansPro-Black.ttf */ = {isa = PBXFileReference; lastKnownFileType = file; name = "SourceSansPro-Black.ttf"; path = "fonts/SourceSansPro/SourceSansPro-Black.ttf"; sourceTree = "<group>"; };
		661C89491FEC4F3300657D13 /* SourceSansPro-BlackItalic.ttf */ = {isa = PBXFileReference; lastKnownFileType = file; name = "SourceSansPro-BlackItalic.ttf"; path = "fonts/SourceSansPro/SourceSansPro-BlackItalic.ttf"; sourceTree = "<group>"; };
		661C894A1FEC4F3300657D13 /* SourceSansPro-Bold.ttf */ = {isa = PBXFileReference; lastKnownFileType = file; name = "SourceSansPro-Bold.ttf"; path = "fonts/SourceSansPro/SourceSansPro-Bold.ttf"; sourceTree = "<group>"; };
		661C894B1FEC4F3300657D13 /* SourceSansPro-BoldItalic.ttf */ = {isa = PBXFileReference; lastKnownFileType = file; name = "SourceSansPro-BoldItalic.ttf"; path = "fonts/SourceSansPro/SourceSansPro-BoldItalic.ttf"; sourceTree = "<group>"; };
		661C894C1FEC4F3300657D13 /* SourceSansPro-ExtraLight.ttf */ = {isa = PBXFileReference; lastKnownFileType = file; name = "SourceSansPro-ExtraLight.ttf"; path = "fonts/SourceSansPro/SourceSansPro-ExtraLight.ttf"; sourceTree = "<group>"; };
		661C894D1FEC4F3300657D13 /* SourceSansPro-ExtraLightItalic.ttf */ = {isa = PBXFileReference; lastKnownFileType = file; name = "SourceSansPro-ExtraLightItalic.ttf"; path = "fonts/SourceSansPro/SourceSansPro-ExtraLightItalic.ttf"; sourceTree = "<group>"; };
		661C894E1FEC4F3300657D13 /* SourceSansPro-Italic.ttf */ = {isa = PBXFileReference; lastKnownFileType = file; name = "SourceSansPro-Italic.ttf"; path = "fonts/SourceSansPro/SourceSansPro-Italic.ttf"; sourceTree = "<group>"; };
		661C894F1FEC4F3300657D13 /* SourceSansPro-Light.ttf */ = {isa = PBXFileReference; lastKnownFileType = file; name = "SourceSansPro-Light.ttf"; path = "fonts/SourceSansPro/SourceSansPro-Light.ttf"; sourceTree = "<group>"; };
		661C89501FEC4F3300657D13 /* SourceSansPro-LightItalic.ttf */ = {isa = PBXFileReference; lastKnownFileType = file; name = "SourceSansPro-LightItalic.ttf"; path = "fonts/SourceSansPro/SourceSansPro-LightItalic.ttf"; sourceTree = "<group>"; };
		661C89511FEC4F3300657D13 /* SourceSansPro-Regular.ttf */ = {isa = PBXFileReference; lastKnownFileType = file; name = "SourceSansPro-Regular.ttf"; path = "fonts/SourceSansPro/SourceSansPro-Regular.ttf"; sourceTree = "<group>"; };
		661C89521FEC4F3300657D13 /* SourceSansPro-Semibold.ttf */ = {isa = PBXFileReference; lastKnownFileType = file; name = "SourceSansPro-Semibold.ttf"; path = "fonts/SourceSansPro/SourceSansPro-Semibold.ttf"; sourceTree = "<group>"; };
		661C89531FEC4F3300657D13 /* SourceSansPro-SemiboldItalic.ttf */ = {isa = PBXFileReference; lastKnownFileType = file; name = "SourceSansPro-SemiboldItalic.ttf"; path = "fonts/SourceSansPro/SourceSansPro-SemiboldItalic.ttf"; sourceTree = "<group>"; };
		6621EC0F1FA14F4D002BE8B9 /* OptionCell.swift */ = {isa = PBXFileReference; fileEncoding = 4; lastKnownFileType = sourcecode.swift; path = OptionCell.swift; sourceTree = "<group>"; };
		6621EC131FA268BF002BE8B9 /* DeviceStatusViewController.swift */ = {isa = PBXFileReference; fileEncoding = 4; lastKnownFileType = sourcecode.swift; path = DeviceStatusViewController.swift; sourceTree = "<group>"; };
		6621EC151FA26B0C002BE8B9 /* Device.swift */ = {isa = PBXFileReference; fileEncoding = 4; lastKnownFileType = sourcecode.swift; path = Device.swift; sourceTree = "<group>"; };
		6621EC171FA26B1B002BE8B9 /* Update.swift */ = {isa = PBXFileReference; fileEncoding = 4; lastKnownFileType = sourcecode.swift; path = Update.swift; sourceTree = "<group>"; };
		665917831F9CEEF700FB4013 /* iFixYouri Check In.app */ = {isa = PBXFileReference; explicitFileType = wrapper.application; includeInIndex = 0; path = "iFixYouri Check In.app"; sourceTree = BUILT_PRODUCTS_DIR; };
		665917861F9CEEF700FB4013 /* AppDelegate.swift */ = {isa = PBXFileReference; lastKnownFileType = sourcecode.swift; path = AppDelegate.swift; sourceTree = "<group>"; };
		665917881F9CEEF700FB4013 /* CheckInViewController.swift */ = {isa = PBXFileReference; lastKnownFileType = sourcecode.swift; name = CheckInViewController.swift; path = "iFixYouri Check In/CheckInViewController.swift"; sourceTree = "<group>"; };
		6659178A1F9CEEF700FB4013 /* SecondViewController.swift */ = {isa = PBXFileReference; lastKnownFileType = sourcecode.swift; name = SecondViewController.swift; path = "iFixYouri Check In/SecondViewController.swift"; sourceTree = "<group>"; };
		6659178D1F9CEEF700FB4013 /* Base */ = {isa = PBXFileReference; lastKnownFileType = file.storyboard; name = Base; path = Base.lproj/Main.storyboard; sourceTree = "<group>"; };
		6659178F1F9CEEF800FB4013 /* Assets.xcassets */ = {isa = PBXFileReference; lastKnownFileType = folder.assetcatalog; path = Assets.xcassets; sourceTree = "<group>"; };
		665917921F9CEEF800FB4013 /* Base */ = {isa = PBXFileReference; lastKnownFileType = file.storyboard; name = Base; path = Base.lproj/LaunchScreen.storyboard; sourceTree = "<group>"; };
		665917941F9CEEF800FB4013 /* Info.plist */ = {isa = PBXFileReference; lastKnownFileType = text.plist.xml; path = Info.plist; sourceTree = "<group>"; };
		665917991F9CEEF800FB4013 /* iFixYouri Check InTests.xctest */ = {isa = PBXFileReference; explicitFileType = wrapper.cfbundle; includeInIndex = 0; path = "iFixYouri Check InTests.xctest"; sourceTree = BUILT_PRODUCTS_DIR; };
		6659179D1F9CEEF800FB4013 /* iFixYouri_Check_InTests.swift */ = {isa = PBXFileReference; lastKnownFileType = sourcecode.swift; path = iFixYouri_Check_InTests.swift; sourceTree = "<group>"; };
		6659179F1F9CEEF800FB4013 /* Info.plist */ = {isa = PBXFileReference; lastKnownFileType = text.plist.xml; path = Info.plist; sourceTree = "<group>"; };
		665917A41F9CEEF800FB4013 /* iFixYouri Check InUITests.xctest */ = {isa = PBXFileReference; explicitFileType = wrapper.cfbundle; includeInIndex = 0; path = "iFixYouri Check InUITests.xctest"; sourceTree = BUILT_PRODUCTS_DIR; };
		665917A81F9CEEF800FB4013 /* iFixYouri_Check_InUITests.swift */ = {isa = PBXFileReference; lastKnownFileType = sourcecode.swift; path = iFixYouri_Check_InUITests.swift; sourceTree = "<group>"; };
		665917AA1F9CEEF800FB4013 /* Info.plist */ = {isa = PBXFileReference; lastKnownFileType = text.plist.xml; path = Info.plist; sourceTree = "<group>"; };
		669E15451FB21E43009A8822 /* DeviceUpdateCell.swift */ = {isa = PBXFileReference; fileEncoding = 4; lastKnownFileType = sourcecode.swift; path = DeviceUpdateCell.swift; sourceTree = "<group>"; };
		66AB00FB1F9D22C30063175E /* constants.swift */ = {isa = PBXFileReference; fileEncoding = 4; lastKnownFileType = sourcecode.swift; name = constants.swift; path = "iFixYouri Check In/constants.swift"; sourceTree = "<group>"; };
		66AB00FE1F9D26B30063175E /* CheckIn.swift */ = {isa = PBXFileReference; fileEncoding = 4; lastKnownFileType = sourcecode.swift; name = CheckIn.swift; path = "iFixYouri Check In/CheckIn.swift"; sourceTree = "<group>"; };
		D9152F01355B6452D2864680 /* Pods-iFixYouri Check InUITests.release.xcconfig */ = {isa = PBXFileReference; includeInIndex = 1; lastKnownFileType = text.xcconfig; name = "Pods-iFixYouri Check InUITests.release.xcconfig"; path = "Pods/Target Support Files/Pods-iFixYouri Check InUITests/Pods-iFixYouri Check InUITests.release.xcconfig"; sourceTree = "<group>"; };
		EEEB904BA08B0C75412444DE /* Pods-iFixYouri Check InUITests.debug.xcconfig */ = {isa = PBXFileReference; includeInIndex = 1; lastKnownFileType = text.xcconfig; name = "Pods-iFixYouri Check InUITests.debug.xcconfig"; path = "Pods/Target Support Files/Pods-iFixYouri Check InUITests/Pods-iFixYouri Check InUITests.debug.xcconfig"; sourceTree = "<group>"; };
/* End PBXFileReference section */

/* Begin PBXFrameworksBuildPhase section */
		665917801F9CEEF700FB4013 /* Frameworks */ = {
			isa = PBXFrameworksBuildPhase;
			buildActionMask = 2147483647;
			files = (
				9F28187DB7B898CC997DF641 /* Pods_iFixYouri_Check_In.framework in Frameworks */,
			);
			runOnlyForDeploymentPostprocessing = 0;
		};
		665917961F9CEEF800FB4013 /* Frameworks */ = {
			isa = PBXFrameworksBuildPhase;
			buildActionMask = 2147483647;
			files = (
				DB06732E07B378631351F58E /* Pods_iFixYouri_Check_InTests.framework in Frameworks */,
			);
			runOnlyForDeploymentPostprocessing = 0;
		};
		665917A11F9CEEF800FB4013 /* Frameworks */ = {
			isa = PBXFrameworksBuildPhase;
			buildActionMask = 2147483647;
			files = (
				D5D22A22ACB1AC54C0B13BE0 /* Pods_iFixYouri_Check_InUITests.framework in Frameworks */,
			);
			runOnlyForDeploymentPostprocessing = 0;
		};
/* End PBXFrameworksBuildPhase section */

/* Begin PBXGroup section */
		2B9CD2C81E5529F3CC4C4F7E /* Pods */ = {
			isa = PBXGroup;
			children = (
				01006E69E229AE62ED876E4D /* Pods-iFixYouri Check In.debug.xcconfig */,
				13A9C9A68C7CBB7F844BF6EF /* Pods-iFixYouri Check In.release.xcconfig */,
				3B9A3F24AE7E6077C43E107C /* Pods-iFixYouri Check InTests.debug.xcconfig */,
				07074E46AD85BE6995457F8C /* Pods-iFixYouri Check InTests.release.xcconfig */,
				EEEB904BA08B0C75412444DE /* Pods-iFixYouri Check InUITests.debug.xcconfig */,
				D9152F01355B6452D2864680 /* Pods-iFixYouri Check InUITests.release.xcconfig */,
			);
			name = Pods;
			sourceTree = "<group>";
		};
		484202A6A1AC83736009299C /* Frameworks */ = {
			isa = PBXGroup;
			children = (
				3914253150AF0B5E585D447A /* Pods_iFixYouri_Check_In.framework */,
				1C05A04794D9861202A4C494 /* Pods_iFixYouri_Check_InTests.framework */,
				00949DDD98589048B6A00E1B /* Pods_iFixYouri_Check_InUITests.framework */,
			);
			name = Frameworks;
			sourceTree = "<group>";
		};
		661C89421FEC37D100657D13 /* Controller */ = {
			isa = PBXGroup;
			children = (
				661C89431FEC37F100657D13 /* LocationsViewController.swift */,
				661C89451FEC483700657D13 /* StoreViewController.swift */,
				6621EC131FA268BF002BE8B9 /* DeviceStatusViewController.swift */,
				665917881F9CEEF700FB4013 /* CheckInViewController.swift */,
				6659178A1F9CEEF700FB4013 /* SecondViewController.swift */,
			);
			name = Controller;
			sourceTree = "<group>";
		};
		661C89471FEC4F2600657D13 /* Resources */ = {
			isa = PBXGroup;
			children = (
				661C89481FEC4F3300657D13 /* SourceSansPro-Black.ttf */,
				661C89491FEC4F3300657D13 /* SourceSansPro-BlackItalic.ttf */,
				661C894A1FEC4F3300657D13 /* SourceSansPro-Bold.ttf */,
				661C894B1FEC4F3300657D13 /* SourceSansPro-BoldItalic.ttf */,
				661C894C1FEC4F3300657D13 /* SourceSansPro-ExtraLight.ttf */,
				661C894D1FEC4F3300657D13 /* SourceSansPro-ExtraLightItalic.ttf */,
				661C894E1FEC4F3300657D13 /* SourceSansPro-Italic.ttf */,
				661C894F1FEC4F3300657D13 /* SourceSansPro-Light.ttf */,
				661C89501FEC4F3300657D13 /* SourceSansPro-LightItalic.ttf */,
				661C89511FEC4F3300657D13 /* SourceSansPro-Regular.ttf */,
				661C89521FEC4F3300657D13 /* SourceSansPro-Semibold.ttf */,
				661C89531FEC4F3300657D13 /* SourceSansPro-SemiboldItalic.ttf */,
			);
			name = Resources;
			sourceTree = "<group>";
		};
		6621EC0E1FA14F26002BE8B9 /* View */ = {
			isa = PBXGroup;
			children = (
				669E15451FB21E43009A8822 /* DeviceUpdateCell.swift */,
				6621EC0F1FA14F4D002BE8B9 /* OptionCell.swift */,
			);
			name = View;
			sourceTree = "<group>";
		};
		6659177A1F9CEEF700FB4013 = {
			isa = PBXGroup;
			children = (
				661C89471FEC4F2600657D13 /* Resources */,
				661C89421FEC37D100657D13 /* Controller */,
				6621EC0E1FA14F26002BE8B9 /* View */,
				66AB01001F9D26BA0063175E /* Model */,
				66AB00FD1F9D26170063175E /* Architecture */,
				665917851F9CEEF700FB4013 /* iFixYouri Check In */,
				6659179C1F9CEEF800FB4013 /* iFixYouri Check InTests */,
				665917A71F9CEEF800FB4013 /* iFixYouri Check InUITests */,
				665917841F9CEEF700FB4013 /* Products */,
				2B9CD2C81E5529F3CC4C4F7E /* Pods */,
				484202A6A1AC83736009299C /* Frameworks */,
			);
			sourceTree = "<group>";
		};
		665917841F9CEEF700FB4013 /* Products */ = {
			isa = PBXGroup;
			children = (
				665917831F9CEEF700FB4013 /* iFixYouri Check In.app */,
				665917991F9CEEF800FB4013 /* iFixYouri Check InTests.xctest */,
				665917A41F9CEEF800FB4013 /* iFixYouri Check InUITests.xctest */,
			);
			name = Products;
			sourceTree = "<group>";
		};
		665917851F9CEEF700FB4013 /* iFixYouri Check In */ = {
			isa = PBXGroup;
			children = (
				665917861F9CEEF700FB4013 /* AppDelegate.swift */,
				6659178C1F9CEEF700FB4013 /* Main.storyboard */,
				6659178F1F9CEEF800FB4013 /* Assets.xcassets */,
				665917911F9CEEF800FB4013 /* LaunchScreen.storyboard */,
				665917941F9CEEF800FB4013 /* Info.plist */,
			);
			path = "iFixYouri Check In";
			sourceTree = "<group>";
		};
		6659179C1F9CEEF800FB4013 /* iFixYouri Check InTests */ = {
			isa = PBXGroup;
			children = (
				6659179D1F9CEEF800FB4013 /* iFixYouri_Check_InTests.swift */,
				6659179F1F9CEEF800FB4013 /* Info.plist */,
			);
			path = "iFixYouri Check InTests";
			sourceTree = "<group>";
		};
		665917A71F9CEEF800FB4013 /* iFixYouri Check InUITests */ = {
			isa = PBXGroup;
			children = (
				665917A81F9CEEF800FB4013 /* iFixYouri_Check_InUITests.swift */,
				665917AA1F9CEEF800FB4013 /* Info.plist */,
			);
			path = "iFixYouri Check InUITests";
			sourceTree = "<group>";
		};
		66AB00FD1F9D26170063175E /* Architecture */ = {
			isa = PBXGroup;
			children = (
				66AB00FB1F9D22C30063175E /* constants.swift */,
				6607872F1F9E997C00BC68F8 /* helpers.swift */,
			);
			name = Architecture;
			sourceTree = "<group>";
		};
		66AB01001F9D26BA0063175E /* Model */ = {
			isa = PBXGroup;
			children = (
				66AB00FE1F9D26B30063175E /* CheckIn.swift */,
				6621EC151FA26B0C002BE8B9 /* Device.swift */,
				6621EC171FA26B1B002BE8B9 /* Update.swift */,
			);
			name = Model;
			sourceTree = "<group>";
		};
/* End PBXGroup section */

/* Begin PBXNativeTarget section */
		665917821F9CEEF700FB4013 /* iFixYouri Check In */ = {
			isa = PBXNativeTarget;
			buildConfigurationList = 665917AD1F9CEEF800FB4013 /* Build configuration list for PBXNativeTarget "iFixYouri Check In" */;
			buildPhases = (
				8967DFB74D68AD10D6DC43FD /* [CP] Check Pods Manifest.lock */,
				6659177F1F9CEEF700FB4013 /* Sources */,
				665917801F9CEEF700FB4013 /* Frameworks */,
				665917811F9CEEF700FB4013 /* Resources */,
				B25BD5D27DDE48CA1967464C /* [CP] Embed Pods Frameworks */,
				CBD3ABA8DA7B531CE699161C /* [CP] Copy Pods Resources */,
			);
			buildRules = (
			);
			dependencies = (
			);
			name = "iFixYouri Check In";
			productName = "iFixYouri Check In";
			productReference = 665917831F9CEEF700FB4013 /* iFixYouri Check In.app */;
			productType = "com.apple.product-type.application";
		};
		665917981F9CEEF800FB4013 /* iFixYouri Check InTests */ = {
			isa = PBXNativeTarget;
			buildConfigurationList = 665917B01F9CEEF800FB4013 /* Build configuration list for PBXNativeTarget "iFixYouri Check InTests" */;
			buildPhases = (
				180B697E20896C524196CEFD /* [CP] Check Pods Manifest.lock */,
				665917951F9CEEF800FB4013 /* Sources */,
				665917961F9CEEF800FB4013 /* Frameworks */,
				665917971F9CEEF800FB4013 /* Resources */,
				497696E71730B8B89A26E943 /* [CP] Embed Pods Frameworks */,
				8E7859831A819409EC053264 /* [CP] Copy Pods Resources */,
			);
			buildRules = (
			);
			dependencies = (
				6659179B1F9CEEF800FB4013 /* PBXTargetDependency */,
			);
			name = "iFixYouri Check InTests";
			productName = "iFixYouri Check InTests";
			productReference = 665917991F9CEEF800FB4013 /* iFixYouri Check InTests.xctest */;
			productType = "com.apple.product-type.bundle.unit-test";
		};
		665917A31F9CEEF800FB4013 /* iFixYouri Check InUITests */ = {
			isa = PBXNativeTarget;
			buildConfigurationList = 665917B31F9CEEF800FB4013 /* Build configuration list for PBXNativeTarget "iFixYouri Check InUITests" */;
			buildPhases = (
				8B002507AA592498E6E2C434 /* [CP] Check Pods Manifest.lock */,
				665917A01F9CEEF800FB4013 /* Sources */,
				665917A11F9CEEF800FB4013 /* Frameworks */,
				665917A21F9CEEF800FB4013 /* Resources */,
				FC8BF635BDC3900518351442 /* [CP] Embed Pods Frameworks */,
				3A2C6100565F43CA0FABFC5A /* [CP] Copy Pods Resources */,
			);
			buildRules = (
			);
			dependencies = (
				665917A61F9CEEF800FB4013 /* PBXTargetDependency */,
			);
			name = "iFixYouri Check InUITests";
			productName = "iFixYouri Check InUITests";
			productReference = 665917A41F9CEEF800FB4013 /* iFixYouri Check InUITests.xctest */;
			productType = "com.apple.product-type.bundle.ui-testing";
		};
/* End PBXNativeTarget section */

/* Begin PBXProject section */
		6659177B1F9CEEF700FB4013 /* Project object */ = {
			isa = PBXProject;
			attributes = {
				LastSwiftUpdateCheck = 0830;
				LastUpgradeCheck = 0830;
				ORGANIZATIONNAME = "Sam Elder";
				TargetAttributes = {
					665917821F9CEEF700FB4013 = {
						CreatedOnToolsVersion = 8.3.3;
						DevelopmentTeam = M788HE688R;
						ProvisioningStyle = Automatic;
					};
					665917981F9CEEF800FB4013 = {
						CreatedOnToolsVersion = 8.3.3;
						DevelopmentTeam = M788HE688R;
						ProvisioningStyle = Automatic;
						TestTargetID = 665917821F9CEEF700FB4013;
					};
					665917A31F9CEEF800FB4013 = {
						CreatedOnToolsVersion = 8.3.3;
						DevelopmentTeam = M788HE688R;
						ProvisioningStyle = Automatic;
						TestTargetID = 665917821F9CEEF700FB4013;
					};
				};
			};
			buildConfigurationList = 6659177E1F9CEEF700FB4013 /* Build configuration list for PBXProject "iFixYouri Check In" */;
			compatibilityVersion = "Xcode 3.2";
			developmentRegion = English;
			hasScannedForEncodings = 0;
			knownRegions = (
				en,
				Base,
			);
			mainGroup = 6659177A1F9CEEF700FB4013;
			productRefGroup = 665917841F9CEEF700FB4013 /* Products */;
			projectDirPath = "";
			projectRoot = "";
			targets = (
				665917821F9CEEF700FB4013 /* iFixYouri Check In */,
				665917981F9CEEF800FB4013 /* iFixYouri Check InTests */,
				665917A31F9CEEF800FB4013 /* iFixYouri Check InUITests */,
			);
		};
/* End PBXProject section */

/* Begin PBXResourcesBuildPhase section */
		665917811F9CEEF700FB4013 /* Resources */ = {
			isa = PBXResourcesBuildPhase;
			buildActionMask = 2147483647;
			files = (
				661C89581FEC4F3300657D13 /* SourceSansPro-ExtraLight.ttf in Resources */,
				661C89571FEC4F3300657D13 /* SourceSansPro-BoldItalic.ttf in Resources */,
				661C895B1FEC4F3300657D13 /* SourceSansPro-Light.ttf in Resources */,
				661C89541FEC4F3300657D13 /* SourceSansPro-Black.ttf in Resources */,
				665917931F9CEEF800FB4013 /* LaunchScreen.storyboard in Resources */,
				661C895A1FEC4F3300657D13 /* SourceSansPro-Italic.ttf in Resources */,
				661C895F1FEC4F3300657D13 /* SourceSansPro-SemiboldItalic.ttf in Resources */,
				661C89551FEC4F3300657D13 /* SourceSansPro-BlackItalic.ttf in Resources */,
				665917901F9CEEF800FB4013 /* Assets.xcassets in Resources */,
				661C895D1FEC4F3300657D13 /* SourceSansPro-Regular.ttf in Resources */,
				661C895E1FEC4F3300657D13 /* SourceSansPro-Semibold.ttf in Resources */,
				6659178E1F9CEEF700FB4013 /* Main.storyboard in Resources */,
				661C89561FEC4F3300657D13 /* SourceSansPro-Bold.ttf in Resources */,
				661C89591FEC4F3300657D13 /* SourceSansPro-ExtraLightItalic.ttf in Resources */,
				661C895C1FEC4F3300657D13 /* SourceSansPro-LightItalic.ttf in Resources */,
			);
			runOnlyForDeploymentPostprocessing = 0;
		};
		665917971F9CEEF800FB4013 /* Resources */ = {
			isa = PBXResourcesBuildPhase;
			buildActionMask = 2147483647;
			files = (
			);
			runOnlyForDeploymentPostprocessing = 0;
		};
		665917A21F9CEEF800FB4013 /* Resources */ = {
			isa = PBXResourcesBuildPhase;
			buildActionMask = 2147483647;
			files = (
			);
			runOnlyForDeploymentPostprocessing = 0;
		};
/* End PBXResourcesBuildPhase section */

/* Begin PBXShellScriptBuildPhase section */
		180B697E20896C524196CEFD /* [CP] Check Pods Manifest.lock */ = {
			isa = PBXShellScriptBuildPhase;
			buildActionMask = 2147483647;
			files = (
			);
			inputPaths = (
			);
			name = "[CP] Check Pods Manifest.lock";
			outputPaths = (
			);
			runOnlyForDeploymentPostprocessing = 0;
			shellPath = /bin/sh;
			shellScript = "diff \"${PODS_ROOT}/../Podfile.lock\" \"${PODS_ROOT}/Manifest.lock\" > /dev/null\nif [ $? != 0 ] ; then\n    # print error to STDERR\n    echo \"error: The sandbox is not in sync with the Podfile.lock. Run 'pod install' or update your CocoaPods installation.\" >&2\n    exit 1\nfi\n";
			showEnvVarsInLog = 0;
		};
		3A2C6100565F43CA0FABFC5A /* [CP] Copy Pods Resources */ = {
			isa = PBXShellScriptBuildPhase;
			buildActionMask = 2147483647;
			files = (
			);
			inputPaths = (
			);
			name = "[CP] Copy Pods Resources";
			outputPaths = (
			);
			runOnlyForDeploymentPostprocessing = 0;
			shellPath = /bin/sh;
			shellScript = "\"${SRCROOT}/Pods/Target Support Files/Pods-iFixYouri Check InUITests/Pods-iFixYouri Check InUITests-resources.sh\"\n";
			showEnvVarsInLog = 0;
		};
		497696E71730B8B89A26E943 /* [CP] Embed Pods Frameworks */ = {
			isa = PBXShellScriptBuildPhase;
			buildActionMask = 2147483647;
			files = (
			);
			inputPaths = (
			);
			name = "[CP] Embed Pods Frameworks";
			outputPaths = (
			);
			runOnlyForDeploymentPostprocessing = 0;
			shellPath = /bin/sh;
			shellScript = "\"${SRCROOT}/Pods/Target Support Files/Pods-iFixYouri Check InTests/Pods-iFixYouri Check InTests-frameworks.sh\"\n";
			showEnvVarsInLog = 0;
		};
		8967DFB74D68AD10D6DC43FD /* [CP] Check Pods Manifest.lock */ = {
			isa = PBXShellScriptBuildPhase;
			buildActionMask = 2147483647;
			files = (
			);
			inputPaths = (
			);
			name = "[CP] Check Pods Manifest.lock";
			outputPaths = (
			);
			runOnlyForDeploymentPostprocessing = 0;
			shellPath = /bin/sh;
			shellScript = "diff \"${PODS_ROOT}/../Podfile.lock\" \"${PODS_ROOT}/Manifest.lock\" > /dev/null\nif [ $? != 0 ] ; then\n    # print error to STDERR\n    echo \"error: The sandbox is not in sync with the Podfile.lock. Run 'pod install' or update your CocoaPods installation.\" >&2\n    exit 1\nfi\n";
			showEnvVarsInLog = 0;
		};
		8B002507AA592498E6E2C434 /* [CP] Check Pods Manifest.lock */ = {
			isa = PBXShellScriptBuildPhase;
			buildActionMask = 2147483647;
			files = (
			);
			inputPaths = (
			);
			name = "[CP] Check Pods Manifest.lock";
			outputPaths = (
			);
			runOnlyForDeploymentPostprocessing = 0;
			shellPath = /bin/sh;
			shellScript = "diff \"${PODS_ROOT}/../Podfile.lock\" \"${PODS_ROOT}/Manifest.lock\" > /dev/null\nif [ $? != 0 ] ; then\n    # print error to STDERR\n    echo \"error: The sandbox is not in sync with the Podfile.lock. Run 'pod install' or update your CocoaPods installation.\" >&2\n    exit 1\nfi\n";
			showEnvVarsInLog = 0;
		};
		8E7859831A819409EC053264 /* [CP] Copy Pods Resources */ = {
			isa = PBXShellScriptBuildPhase;
			buildActionMask = 2147483647;
			files = (
			);
			inputPaths = (
			);
			name = "[CP] Copy Pods Resources";
			outputPaths = (
			);
			runOnlyForDeploymentPostprocessing = 0;
			shellPath = /bin/sh;
			shellScript = "\"${SRCROOT}/Pods/Target Support Files/Pods-iFixYouri Check InTests/Pods-iFixYouri Check InTests-resources.sh\"\n";
			showEnvVarsInLog = 0;
		};
		B25BD5D27DDE48CA1967464C /* [CP] Embed Pods Frameworks */ = {
			isa = PBXShellScriptBuildPhase;
			buildActionMask = 2147483647;
			files = (
			);
			inputPaths = (
			);
			name = "[CP] Embed Pods Frameworks";
			outputPaths = (
			);
			runOnlyForDeploymentPostprocessing = 0;
			shellPath = /bin/sh;
			shellScript = "\"${SRCROOT}/Pods/Target Support Files/Pods-iFixYouri Check In/Pods-iFixYouri Check In-frameworks.sh\"\n";
			showEnvVarsInLog = 0;
		};
		CBD3ABA8DA7B531CE699161C /* [CP] Copy Pods Resources */ = {
			isa = PBXShellScriptBuildPhase;
			buildActionMask = 2147483647;
			files = (
			);
			inputPaths = (
			);
			name = "[CP] Copy Pods Resources";
			outputPaths = (
			);
			runOnlyForDeploymentPostprocessing = 0;
			shellPath = /bin/sh;
			shellScript = "\"${SRCROOT}/Pods/Target Support Files/Pods-iFixYouri Check In/Pods-iFixYouri Check In-resources.sh\"\n";
			showEnvVarsInLog = 0;
		};
		FC8BF635BDC3900518351442 /* [CP] Embed Pods Frameworks */ = {
			isa = PBXShellScriptBuildPhase;
			buildActionMask = 2147483647;
			files = (
			);
			inputPaths = (
			);
			name = "[CP] Embed Pods Frameworks";
			outputPaths = (
			);
			runOnlyForDeploymentPostprocessing = 0;
			shellPath = /bin/sh;
			shellScript = "\"${SRCROOT}/Pods/Target Support Files/Pods-iFixYouri Check InUITests/Pods-iFixYouri Check InUITests-frameworks.sh\"\n";
			showEnvVarsInLog = 0;
		};
/* End PBXShellScriptBuildPhase section */

/* Begin PBXSourcesBuildPhase section */
		6659177F1F9CEEF700FB4013 /* Sources */ = {
			isa = PBXSourcesBuildPhase;
			buildActionMask = 2147483647;
			files = (
				666BD0AF1FB21F7E0091A192 /* DeviceUpdateCell.swift in Sources */,
				660514C61FAA4057005D7C18 /* DeviceStatusViewController.swift in Sources */,
				6659178B1F9CEEF700FB4013 /* SecondViewController.swift in Sources */,
				66AB00FF1F9D26B30063175E /* CheckIn.swift in Sources */,
				6621EC181FA26B1B002BE8B9 /* Update.swift in Sources */,
				665917871F9CEEF700FB4013 /* AppDelegate.swift in Sources */,
				661C89461FEC483700657D13 /* StoreViewController.swift in Sources */,
				6621EC161FA26B0C002BE8B9 /* Device.swift in Sources */,
				665917891F9CEEF700FB4013 /* CheckInViewController.swift in Sources */,
				66AB00FC1F9D22C30063175E /* constants.swift in Sources */,
				6621EC101FA14F4D002BE8B9 /* OptionCell.swift in Sources */,
				660787301F9E997C00BC68F8 /* helpers.swift in Sources */,
				661C89441FEC37F100657D13 /* LocationsViewController.swift in Sources */,
			);
			runOnlyForDeploymentPostprocessing = 0;
		};
		665917951F9CEEF800FB4013 /* Sources */ = {
			isa = PBXSourcesBuildPhase;
			buildActionMask = 2147483647;
			files = (
				6659179E1F9CEEF800FB4013 /* iFixYouri_Check_InTests.swift in Sources */,
			);
			runOnlyForDeploymentPostprocessing = 0;
		};
		665917A01F9CEEF800FB4013 /* Sources */ = {
			isa = PBXSourcesBuildPhase;
			buildActionMask = 2147483647;
			files = (
				665917A91F9CEEF800FB4013 /* iFixYouri_Check_InUITests.swift in Sources */,
			);
			runOnlyForDeploymentPostprocessing = 0;
		};
/* End PBXSourcesBuildPhase section */

/* Begin PBXTargetDependency section */
		6659179B1F9CEEF800FB4013 /* PBXTargetDependency */ = {
			isa = PBXTargetDependency;
			target = 665917821F9CEEF700FB4013 /* iFixYouri Check In */;
			targetProxy = 6659179A1F9CEEF800FB4013 /* PBXContainerItemProxy */;
		};
		665917A61F9CEEF800FB4013 /* PBXTargetDependency */ = {
			isa = PBXTargetDependency;
			target = 665917821F9CEEF700FB4013 /* iFixYouri Check In */;
			targetProxy = 665917A51F9CEEF800FB4013 /* PBXContainerItemProxy */;
		};
/* End PBXTargetDependency section */

/* Begin PBXVariantGroup section */
		6659178C1F9CEEF700FB4013 /* Main.storyboard */ = {
			isa = PBXVariantGroup;
			children = (
				6659178D1F9CEEF700FB4013 /* Base */,
			);
			name = Main.storyboard;
			sourceTree = "<group>";
		};
		665917911F9CEEF800FB4013 /* LaunchScreen.storyboard */ = {
			isa = PBXVariantGroup;
			children = (
				665917921F9CEEF800FB4013 /* Base */,
			);
			name = LaunchScreen.storyboard;
			sourceTree = "<group>";
		};
/* End PBXVariantGroup section */

/* Begin XCBuildConfiguration section */
		665917AB1F9CEEF800FB4013 /* Debug */ = {
			isa = XCBuildConfiguration;
			buildSettings = {
				ALWAYS_SEARCH_USER_PATHS = NO;
				CLANG_ANALYZER_NONNULL = YES;
				CLANG_ANALYZER_NUMBER_OBJECT_CONVERSION = YES_AGGRESSIVE;
				CLANG_CXX_LANGUAGE_STANDARD = "gnu++0x";
				CLANG_CXX_LIBRARY = "libc++";
				CLANG_ENABLE_MODULES = YES;
				CLANG_ENABLE_OBJC_ARC = YES;
				CLANG_WARN_BOOL_CONVERSION = YES;
				CLANG_WARN_CONSTANT_CONVERSION = YES;
				CLANG_WARN_DIRECT_OBJC_ISA_USAGE = YES_ERROR;
				CLANG_WARN_DOCUMENTATION_COMMENTS = YES;
				CLANG_WARN_EMPTY_BODY = YES;
				CLANG_WARN_ENUM_CONVERSION = YES;
				CLANG_WARN_INFINITE_RECURSION = YES;
				CLANG_WARN_INT_CONVERSION = YES;
				CLANG_WARN_OBJC_ROOT_CLASS = YES_ERROR;
				CLANG_WARN_SUSPICIOUS_MOVE = YES;
				CLANG_WARN_UNREACHABLE_CODE = YES;
				CLANG_WARN__DUPLICATE_METHOD_MATCH = YES;
				"CODE_SIGN_IDENTITY[sdk=iphoneos*]" = "iPhone Developer";
				COPY_PHASE_STRIP = NO;
				DEBUG_INFORMATION_FORMAT = dwarf;
				ENABLE_STRICT_OBJC_MSGSEND = YES;
				ENABLE_TESTABILITY = YES;
				GCC_C_LANGUAGE_STANDARD = gnu99;
				GCC_DYNAMIC_NO_PIC = NO;
				GCC_NO_COMMON_BLOCKS = YES;
				GCC_OPTIMIZATION_LEVEL = 0;
				GCC_PREPROCESSOR_DEFINITIONS = (
					"DEBUG=1",
					"$(inherited)",
				);
				GCC_WARN_64_TO_32_BIT_CONVERSION = YES;
				GCC_WARN_ABOUT_RETURN_TYPE = YES_ERROR;
				GCC_WARN_UNDECLARED_SELECTOR = YES;
				GCC_WARN_UNINITIALIZED_AUTOS = YES_AGGRESSIVE;
				GCC_WARN_UNUSED_FUNCTION = YES;
				GCC_WARN_UNUSED_VARIABLE = YES;
				IPHONEOS_DEPLOYMENT_TARGET = 10.3;
				MTL_ENABLE_DEBUG_INFO = YES;
				ONLY_ACTIVE_ARCH = YES;
				SDKROOT = iphoneos;
				SWIFT_ACTIVE_COMPILATION_CONDITIONS = DEBUG;
				SWIFT_OPTIMIZATION_LEVEL = "-Onone";
				TARGETED_DEVICE_FAMILY = "1,2";
			};
			name = Debug;
		};
		665917AC1F9CEEF800FB4013 /* Release */ = {
			isa = XCBuildConfiguration;
			buildSettings = {
				ALWAYS_SEARCH_USER_PATHS = NO;
				CLANG_ANALYZER_NONNULL = YES;
				CLANG_ANALYZER_NUMBER_OBJECT_CONVERSION = YES_AGGRESSIVE;
				CLANG_CXX_LANGUAGE_STANDARD = "gnu++0x";
				CLANG_CXX_LIBRARY = "libc++";
				CLANG_ENABLE_MODULES = YES;
				CLANG_ENABLE_OBJC_ARC = YES;
				CLANG_WARN_BOOL_CONVERSION = YES;
				CLANG_WARN_CONSTANT_CONVERSION = YES;
				CLANG_WARN_DIRECT_OBJC_ISA_USAGE = YES_ERROR;
				CLANG_WARN_DOCUMENTATION_COMMENTS = YES;
				CLANG_WARN_EMPTY_BODY = YES;
				CLANG_WARN_ENUM_CONVERSION = YES;
				CLANG_WARN_INFINITE_RECURSION = YES;
				CLANG_WARN_INT_CONVERSION = YES;
				CLANG_WARN_OBJC_ROOT_CLASS = YES_ERROR;
				CLANG_WARN_SUSPICIOUS_MOVE = YES;
				CLANG_WARN_UNREACHABLE_CODE = YES;
				CLANG_WARN__DUPLICATE_METHOD_MATCH = YES;
				"CODE_SIGN_IDENTITY[sdk=iphoneos*]" = "iPhone Developer";
				COPY_PHASE_STRIP = NO;
				DEBUG_INFORMATION_FORMAT = "dwarf-with-dsym";
				ENABLE_NS_ASSERTIONS = NO;
				ENABLE_STRICT_OBJC_MSGSEND = YES;
				GCC_C_LANGUAGE_STANDARD = gnu99;
				GCC_NO_COMMON_BLOCKS = YES;
				GCC_WARN_64_TO_32_BIT_CONVERSION = YES;
				GCC_WARN_ABOUT_RETURN_TYPE = YES_ERROR;
				GCC_WARN_UNDECLARED_SELECTOR = YES;
				GCC_WARN_UNINITIALIZED_AUTOS = YES_AGGRESSIVE;
				GCC_WARN_UNUSED_FUNCTION = YES;
				GCC_WARN_UNUSED_VARIABLE = YES;
				IPHONEOS_DEPLOYMENT_TARGET = 10.3;
				MTL_ENABLE_DEBUG_INFO = NO;
				SDKROOT = iphoneos;
				SWIFT_OPTIMIZATION_LEVEL = "-Owholemodule";
				TARGETED_DEVICE_FAMILY = "1,2";
				VALIDATE_PRODUCT = YES;
			};
			name = Release;
		};
		665917AE1F9CEEF800FB4013 /* Debug */ = {
			isa = XCBuildConfiguration;
			baseConfigurationReference = 01006E69E229AE62ED876E4D /* Pods-iFixYouri Check In.debug.xcconfig */;
			buildSettings = {
				ASSETCATALOG_COMPILER_APPICON_NAME = AppIcon;
				DEVELOPMENT_TEAM = M788HE688R;
				INFOPLIST_FILE = "iFixYouri Check In/Info.plist";
				IPHONEOS_DEPLOYMENT_TARGET = 9.0;
				LD_RUNPATH_SEARCH_PATHS = "$(inherited) @executable_path/Frameworks";
				PRODUCT_BUNDLE_IDENTIFIER = "scio.iFixYouri-Check-In";
				PRODUCT_NAME = "$(TARGET_NAME)";
				SWIFT_VERSION = 3.0;
			};
			name = Debug;
		};
		665917AF1F9CEEF800FB4013 /* Release */ = {
			isa = XCBuildConfiguration;
			baseConfigurationReference = 13A9C9A68C7CBB7F844BF6EF /* Pods-iFixYouri Check In.release.xcconfig */;
			buildSettings = {
				ASSETCATALOG_COMPILER_APPICON_NAME = AppIcon;
				DEVELOPMENT_TEAM = M788HE688R;
				INFOPLIST_FILE = "iFixYouri Check In/Info.plist";
				IPHONEOS_DEPLOYMENT_TARGET = 9.0;
				LD_RUNPATH_SEARCH_PATHS = "$(inherited) @executable_path/Frameworks";
				PRODUCT_BUNDLE_IDENTIFIER = "scio.iFixYouri-Check-In";
				PRODUCT_NAME = "$(TARGET_NAME)";
				SWIFT_VERSION = 3.0;
			};
			name = Release;
		};
		665917B11F9CEEF800FB4013 /* Debug */ = {
			isa = XCBuildConfiguration;
			baseConfigurationReference = 3B9A3F24AE7E6077C43E107C /* Pods-iFixYouri Check InTests.debug.xcconfig */;
			buildSettings = {
				ALWAYS_EMBED_SWIFT_STANDARD_LIBRARIES = YES;
				BUNDLE_LOADER = "$(TEST_HOST)";
				DEVELOPMENT_TEAM = M788HE688R;
				INFOPLIST_FILE = "iFixYouri Check InTests/Info.plist";
				LD_RUNPATH_SEARCH_PATHS = "$(inherited) @executable_path/Frameworks @loader_path/Frameworks";
				PRODUCT_BUNDLE_IDENTIFIER = "scio.iFixYouri-Check-InTests";
				PRODUCT_NAME = "$(TARGET_NAME)";
				SWIFT_VERSION = 3.0;
				TEST_HOST = "$(BUILT_PRODUCTS_DIR)/iFixYouri Check In.app/iFixYouri Check In";
			};
			name = Debug;
		};
		665917B21F9CEEF800FB4013 /* Release */ = {
			isa = XCBuildConfiguration;
			baseConfigurationReference = 07074E46AD85BE6995457F8C /* Pods-iFixYouri Check InTests.release.xcconfig */;
			buildSettings = {
				ALWAYS_EMBED_SWIFT_STANDARD_LIBRARIES = YES;
				BUNDLE_LOADER = "$(TEST_HOST)";
				DEVELOPMENT_TEAM = M788HE688R;
				INFOPLIST_FILE = "iFixYouri Check InTests/Info.plist";
				LD_RUNPATH_SEARCH_PATHS = "$(inherited) @executable_path/Frameworks @loader_path/Frameworks";
				PRODUCT_BUNDLE_IDENTIFIER = "scio.iFixYouri-Check-InTests";
				PRODUCT_NAME = "$(TARGET_NAME)";
				SWIFT_VERSION = 3.0;
				TEST_HOST = "$(BUILT_PRODUCTS_DIR)/iFixYouri Check In.app/iFixYouri Check In";
			};
			name = Release;
		};
		665917B41F9CEEF800FB4013 /* Debug */ = {
			isa = XCBuildConfiguration;
			baseConfigurationReference = EEEB904BA08B0C75412444DE /* Pods-iFixYouri Check InUITests.debug.xcconfig */;
			buildSettings = {
				ALWAYS_EMBED_SWIFT_STANDARD_LIBRARIES = YES;
				DEVELOPMENT_TEAM = M788HE688R;
				INFOPLIST_FILE = "iFixYouri Check InUITests/Info.plist";
				LD_RUNPATH_SEARCH_PATHS = "$(inherited) @executable_path/Frameworks @loader_path/Frameworks";
				PRODUCT_BUNDLE_IDENTIFIER = "scio.iFixYouri-Check-InUITests";
				PRODUCT_NAME = "$(TARGET_NAME)";
				SWIFT_VERSION = 3.0;
				TEST_TARGET_NAME = "iFixYouri Check In";
			};
			name = Debug;
		};
		665917B51F9CEEF800FB4013 /* Release */ = {
			isa = XCBuildConfiguration;
			baseConfigurationReference = D9152F01355B6452D2864680 /* Pods-iFixYouri Check InUITests.release.xcconfig */;
			buildSettings = {
				ALWAYS_EMBED_SWIFT_STANDARD_LIBRARIES = YES;
				DEVELOPMENT_TEAM = M788HE688R;
				INFOPLIST_FILE = "iFixYouri Check InUITests/Info.plist";
				LD_RUNPATH_SEARCH_PATHS = "$(inherited) @executable_path/Frameworks @loader_path/Frameworks";
				PRODUCT_BUNDLE_IDENTIFIER = "scio.iFixYouri-Check-InUITests";
				PRODUCT_NAME = "$(TARGET_NAME)";
				SWIFT_VERSION = 3.0;
				TEST_TARGET_NAME = "iFixYouri Check In";
			};
			name = Release;
		};
/* End XCBuildConfiguration section */

/* Begin XCConfigurationList section */
		6659177E1F9CEEF700FB4013 /* Build configuration list for PBXProject "iFixYouri Check In" */ = {
			isa = XCConfigurationList;
			buildConfigurations = (
				665917AB1F9CEEF800FB4013 /* Debug */,
				665917AC1F9CEEF800FB4013 /* Release */,
			);
			defaultConfigurationIsVisible = 0;
			defaultConfigurationName = Release;
		};
		665917AD1F9CEEF800FB4013 /* Build configuration list for PBXNativeTarget "iFixYouri Check In" */ = {
			isa = XCConfigurationList;
			buildConfigurations = (
				665917AE1F9CEEF800FB4013 /* Debug */,
				665917AF1F9CEEF800FB4013 /* Release */,
			);
			defaultConfigurationIsVisible = 0;
			defaultConfigurationName = Release;
		};
		665917B01F9CEEF800FB4013 /* Build configuration list for PBXNativeTarget "iFixYouri Check InTests" */ = {
			isa = XCConfigurationList;
			buildConfigurations = (
				665917B11F9CEEF800FB4013 /* Debug */,
				665917B21F9CEEF800FB4013 /* Release */,
			);
			defaultConfigurationIsVisible = 0;
			defaultConfigurationName = Release;
		};
		665917B31F9CEEF800FB4013 /* Build configuration list for PBXNativeTarget "iFixYouri Check InUITests" */ = {
			isa = XCConfigurationList;
			buildConfigurations = (
				665917B41F9CEEF800FB4013 /* Debug */,
				665917B51F9CEEF800FB4013 /* Release */,
			);
			defaultConfigurationIsVisible = 0;
			defaultConfigurationName = Release;
		};
/* End XCConfigurationList section */
	};
	rootObject = 6659177B1F9CEEF700FB4013 /* Project object */;
}
